{
  "name": "SFI-master",
  "lockfileVersion": 2,
  "requires": true,
  "packages": {
    "": {
      "dependencies": {
        "bootstrap-fileinput": "^5.2.6",
        "lightbox2": "^2.11.3"
      }
    },
    "node_modules/@popperjs/core": {
      "version": "2.10.1",
      "resolved": "https://registry.npmjs.org/@popperjs/core/-/core-2.10.1.tgz",
      "integrity": "sha512-HnUhk1Sy9IuKrxEMdIRCxpIqPw6BFsbYSEUO9p/hNw5sMld/+3OLMWQP80F8/db9qsv3qUjs7ZR5bS/R+iinXw==",
      "peer": true,
      "funding": {
        "type": "opencollective",
        "url": "https://opencollective.com/popperjs"
      }
    },
    "node_modules/bootstrap": {
      "version": "5.1.1",
      "resolved": "https://registry.npmjs.org/bootstrap/-/bootstrap-5.1.1.tgz",
      "integrity": "sha512-/jUa4sSuDZWlDLQ1gwQQR8uoYSvLJzDd8m5o6bPKh3asLAMYVZKdRCjb1joUd5WXf0WwCNzd2EjwQQhupou0dA==",
      "funding": {
        "type": "opencollective",
        "url": "https://opencollective.com/bootstrap"
      },
      "peerDependencies": {
        "@popperjs/core": "^2.10.1"
      }
    },
    "node_modules/bootstrap-fileinput": {
      "version": "5.2.6",
      "resolved": "https://registry.npmjs.org/bootstrap-fileinput/-/bootstrap-fileinput-5.2.6.tgz",
      "integrity": "sha512-dwRVcWJP/Yb7/HJfDeVR9FX8l4HcqQk/ww/FKiJKRIkdCza3MefK7Xa60bmfSgLK4AEgNExHQovJdR+g81+jSQ==",
      "hasInstallScript": true,
      "dependencies": {
        "bootstrap": ">= 3.4.1",
        "jquery": ">= 1.9.0",
        "opencollective-postinstall": "^2.0.2"
      },
      "peerDependencies": {
        "bootstrap": ">= 3.0.0",
        "jquery": ">= 1.9.0"
      }
    },
    "node_modules/jquery": {
      "version": "3.6.0",
      "resolved": "https://registry.npmjs.org/jquery/-/jquery-3.6.0.tgz",
      "integrity": "sha512-JVzAR/AjBvVt2BmYhxRCSYysDsPcssdmTFnzyLEts9qNwmjmu4JTAMYubEfwVOSwpQ1I1sKKFcxhZCI2buerfw=="
    },
    "node_modules/lightbox2": {
      "version": "2.11.3",
      "resolved": "https://registry.npmjs.org/lightbox2/-/lightbox2-2.11.3.tgz",
      "integrity": "sha512-Q4v6il/OK9ttgEkAxSok/jrI/LUbqTrePFchqP2x/59qaDIZgJjEEc5Xf7peSMc/55Zo5PAgmX6EiN/BeEeUBQ=="
    },
    "node_modules/opencollective-postinstall": {
      "version": "2.0.3",
      "resolved": "https://registry.npmjs.org/opencollective-postinstall/-/opencollective-postinstall-2.0.3.tgz",
      "integrity": "sha512-8AV/sCtuzUeTo8gQK5qDZzARrulB3egtLzFgteqB2tcT4Mw7B8Kt7JcDHmltjz6FOAHsvTevk70gZEbhM4ZS9Q==",
      "bin": {
        "opencollective-postinstall": "index.js"
      }
    }
  },
  "dependencies": {
    "@popperjs/core": {
      "version": "2.10.1",
      "resolved": "https://registry.npmjs.org/@popperjs/core/-/core-2.10.1.tgz",
      "integrity": "sha512-HnUhk1Sy9IuKrxEMdIRCxpIqPw6BFsbYSEUO9p/hNw5sMld/+3OLMWQP80F8/db9qsv3qUjs7ZR5bS/R+iinXw==",
      "peer": true
    },
    "bootstrap": {
      "version": "5.1.1",
      "resolved": "https://registry.npmjs.org/bootstrap/-/bootstrap-5.1.1.tgz",
      "integrity": "sha512-/jUa4sSuDZWlDLQ1gwQQR8uoYSvLJzDd8m5o6bPKh3asLAMYVZKdRCjb1joUd5WXf0WwCNzd2EjwQQhupou0dA==",
      "requires": {}
    },
    "bootstrap-fileinput": {
      "version": "5.2.6",
      "resolved": "https://registry.npmjs.org/bootstrap-fileinput/-/bootstrap-fileinput-5.2.6.tgz",
      "integrity": "sha512-dwRVcWJP/Yb7/HJfDeVR9FX8l4HcqQk/ww/FKiJKRIkdCza3MefK7Xa60bmfSgLK4AEgNExHQovJdR+g81+jSQ==",
      "requires": {
        "bootstrap": ">= 3.4.1",
        "jquery": ">= 1.9.0",
        "opencollective-postinstall": "^2.0.2"
      }
    },
    "jquery": {
      "version": "3.6.0",
      "resolved": "https://registry.npmjs.org/jquery/-/jquery-3.6.0.tgz",
      "integrity": "sha512-JVzAR/AjBvVt2BmYhxRCSYysDsPcssdmTFnzyLEts9qNwmjmu4JTAMYubEfwVOSwpQ1I1sKKFcxhZCI2buerfw=="
    },
    "lightbox2": {
      "version": "2.11.3",
      "resolved": "https://registry.npmjs.org/lightbox2/-/lightbox2-2.11.3.tgz",
      "integrity": "sha512-Q4v6il/OK9ttgEkAxSok/jrI/LUbqTrePFchqP2x/59qaDIZgJjEEc5Xf7peSMc/55Zo5PAgmX6EiN/BeEeUBQ=="
    },
    "opencollective-postinstall": {
      "version": "2.0.3",
      "resolved": "https://registry.npmjs.org/opencollective-postinstall/-/opencollective-postinstall-2.0.3.tgz",
      "integrity": "sha512-8AV/sCtuzUeTo8gQK5qDZzARrulB3egtLzFgteqB2tcT4Mw7B8Kt7JcDHmltjz6FOAHsvTevk70gZEbhM4ZS9Q=="
    }
  }
}
